PODS:
  - GBKProgressButton (0.1.3)

DEPENDENCIES:
  - GBKProgressButton (from `../`)

EXTERNAL SOURCES:
  GBKProgressButton:
    :path: "../"

SPEC CHECKSUMS:
  GBKProgressButton: 7a2109b7346c9a19c95b6bddc73f5639e4632d53

PODFILE CHECKSUM: 3c3316de5c4e6e6d2e25f497a71583cc35e85108

COCOAPODS: 1.9.3
